
Microsoft Visual Studio Solution File, Format Version 12.00
# Visual Studio 15
VisualStudioVersion = 15.0.27703.2042
MinimumVisualStudioVersion = 10.0.40219.1
Project("{FAE04EC0-301F-11D3-BF4B-00C04F79EFBC}") = "MVVMTemplates", "MVVMTemplates\MVVMTemplates.csproj", "{799AC735-603B-4294-A4AE-ADB631187713}"
EndProject
Project("{2150E333-8FDC-42A3-9474-1A3956D46DE8}") = "Templates", "Templates", "{772C49E4-9A6D-4013-866B-C793DAB9C165}"
EndProject
Project("{FAE04EC0-301F-11D3-BF4B-00C04F79EFBC}") = "CustomViewTemplate", "CustomViewTemplate\CustomViewTemplate.csproj", "{863EDDBB-0F3B-4A67-87CE-7C3140BD426A}"
EndProject
Project("{FAE04EC0-301F-11D3-BF4B-00C04F79EFBC}") = "CustomControl", "CustomControl\CustomControl.csproj", "{0641D286-D4AF-48C6-9308-699B93FF7567}"
EndProject
Project("{FAE04EC0-301F-11D3-BF4B-00C04F79EFBC}") = "CustomViewWithPayloadTemplate", "CustomViewWithPayloadTemplate\CustomViewWithPayloadTemplate.csproj", "{863EDDBB-0F3B-4A67-87CE-7C3140BD1111}"
EndProject
Global
	GlobalSection(SolutionConfigurationPlatforms) = preSolution
		Debug|Any CPU = Debug|Any CPU
		Release|Any CPU = Release|Any CPU
	EndGlobalSection
	GlobalSection(ProjectConfigurationPlatforms) = postSolution
		{799AC735-603B-4294-A4AE-ADB631187713}.Debug|Any CPU.ActiveCfg = Debug|Any CPU
		{799AC735-603B-4294-A4AE-ADB631187713}.Debug|Any CPU.Build.0 = Debug|Any CPU
		{799AC735-603B-4294-A4AE-ADB631187713}.Release|Any CPU.ActiveCfg = Release|Any CPU
		{799AC735-603B-4294-A4AE-ADB631187713}.Release|Any CPU.Build.0 = Release|Any CPU
		{863EDDBB-0F3B-4A67-87CE-7C3140BD426A}.Debug|Any CPU.ActiveCfg = Debug|Any CPU
		{863EDDBB-0F3B-4A67-87CE-7C3140BD426A}.Debug|Any CPU.Build.0 = Debug|Any CPU
		{863EDDBB-0F3B-4A67-87CE-7C3140BD426A}.Release|Any CPU.ActiveCfg = Release|Any CPU
		{863EDDBB-0F3B-4A67-87CE-7C3140BD426A}.Release|Any CPU.Build.0 = Release|Any CPU
		{0641D286-D4AF-48C6-9308-699B93FF7567}.Debug|Any CPU.ActiveCfg = Debug|Any CPU
		{0641D286-D4AF-48C6-9308-699B93FF7567}.Debug|Any CPU.Build.0 = Debug|Any CPU
		{0641D286-D4AF-48C6-9308-699B93FF7567}.Release|Any CPU.ActiveCfg = Release|Any CPU
		{0641D286-D4AF-48C6-9308-699B93FF7567}.Release|Any CPU.Build.0 = Release|Any CPU
		{863EDDBB-0F3B-4A67-87CE-7C3140BD1111}.Debug|Any CPU.ActiveCfg = Debug|Any CPU
		{863EDDBB-0F3B-4A67-87CE-7C3140BD1111}.Debug|Any CPU.Build.0 = Debug|Any CPU
		{863EDDBB-0F3B-4A67-87CE-7C3140BD1111}.Release|Any CPU.ActiveCfg = Release|Any CPU
		{863EDDBB-0F3B-4A67-87CE-7C3140BD1111}.Release|Any CPU.Build.0 = Release|Any CPU
	EndGlobalSection
	GlobalSection(SolutionProperties) = preSolution
		HideSolutionNode = FALSE
	EndGlobalSection
	GlobalSection(NestedProjects) = preSolution
		{799AC735-603B-4294-A4AE-ADB631187713} = {772C49E4-9A6D-4013-866B-C793DAB9C165}
		{863EDDBB-0F3B-4A67-87CE-7C3140BD426A} = {772C49E4-9A6D-4013-866B-C793DAB9C165}
		{0641D286-D4AF-48C6-9308-699B93FF7567} = {772C49E4-9A6D-4013-866B-C793DAB9C165}
		{863EDDBB-0F3B-4A67-87CE-7C3140BD1111} = {772C49E4-9A6D-4013-866B-C793DAB9C165}
	EndGlobalSection
	GlobalSection(ExtensibilityGlobals) = postSolution
		SolutionGuid = {A06293A0-27B7-4624-A8E9-7F7D542BE4B3}
	EndGlobalSection
EndGlobal
